
Microsoft Visual Studio Solution File, Format Version 12.00
# Visual Studio Version 17
VisualStudioVersion = 17.4.33122.133
MinimumVisualStudioVersion = 10.0.40219.1
Project("{FAE04EC0-301F-11D3-BF4B-00C04F79EFBC}") = "NewDewey", "NewDewey\NewDewey.csproj", "{4FFB0BEA-430B-4B03-B5C1-A441F0511C0D}"
EndProject
Global
	GlobalSection(SolutionConfigurationPlatforms) = preSolution
		Debug|Any CPU = Debug|Any CPU
		Release|Any CPU = Release|Any CPU
	EndGlobalSection
	GlobalSection(ProjectConfigurationPlatforms) = postSolution
		{4FFB0BEA-430B-4B03-B5C1-A441F0511C0D}.Debug|Any CPU.ActiveCfg = Debug|Any CPU
		{4FFB0BEA-430B-4B03-B5C1-A441F0511C0D}.Debug|Any CPU.Build.0 = Debug|Any CPU
		{4FFB0BEA-430B-4B03-B5C1-A441F0511C0D}.Release|Any CPU.ActiveCfg = Release|Any CPU
		{4FFB0BEA-430B-4B03-B5C1-A441F0511C0D}.Release|Any CPU.Build.0 = Release|Any CPU
	EndGlobalSection
	GlobalSection(SolutionProperties) = preSolution
		HideSolutionNode = FALSE
	EndGlobalSection
	GlobalSection(ExtensibilityGlobals) = postSolution
		SolutionGuid = {B0870926-1C93-40B8-B287-3684313A8D19}
	EndGlobalSection
EndGlobal
